
Microsoft Visual Studio Solution File, Format Version 12.00
# Visual Studio Version 17
VisualStudioVersion = 17.6.33815.320
MinimumVisualStudioVersion = 10.0.40219.1
Project("{9A19103F-16F7-4668-BE54-9A1E7A4F7556}") = "Rule4", "Rule4.csproj", "{C9B293AA-5F0F-4FA5-82F9-3E27562DBB46}"
EndProject
Global
	GlobalSection(SolutionConfigurationPlatforms) = preSolution
		Debug|Any CPU = Debug|Any CPU
		Release|Any CPU = Release|Any CPU
	EndGlobalSection
	GlobalSection(ProjectConfigurationPlatforms) = postSolution
		{C9B293AA-5F0F-4FA5-82F9-3E27562DBB46}.Debug|Any CPU.ActiveCfg = Debug|Any CPU
		{C9B293AA-5F0F-4FA5-82F9-3E27562DBB46}.Debug|Any CPU.Build.0 = Debug|Any CPU
		{C9B293AA-5F0F-4FA5-82F9-3E27562DBB46}.Release|Any CPU.ActiveCfg = Release|Any CPU
		{C9B293AA-5F0F-4FA5-82F9-3E27562DBB46}.Release|Any CPU.Build.0 = Release|Any CPU
	EndGlobalSection
	GlobalSection(SolutionProperties) = preSolution
		HideSolutionNode = FALSE
	EndGlobalSection
	GlobalSection(ExtensibilityGlobals) = postSolution
		SolutionGuid = {75C5A4F1-1439-41D4-9D62-95E6A37EF59C}
	EndGlobalSection
EndGlobal
